// !$*UTF8*$!
{
	archiveVersion = 1;
	classes = {
	};
	objectVersion = 46;
	objects = {

/* Begin PBXBuildFile section */
		37F411F818030BB500D5BF5D /* Foundation.framework in Frameworks */ = {isa = PBXBuildFile; fileRef = 37F411F718030BB500D5BF5D /* Foundation.framework */; };
		37F411FA18030BB500D5BF5D /* CoreGraphics.framework in Frameworks */ = {isa = PBXBuildFile; fileRef = 37F411F918030BB500D5BF5D /* CoreGraphics.framework */; };
		37F411FC18030BB500D5BF5D /* UIKit.framework in Frameworks */ = {isa = PBXBuildFile; fileRef = 37F411FB18030BB500D5BF5D /* UIKit.framework */; };
		37F4120218030BB500D5BF5D /* InfoPlist.strings in Resources */ = {isa = PBXBuildFile; fileRef = 37F4120018030BB500D5BF5D /* InfoPlist.strings */; };
		37F4120418030BB500D5BF5D /* main.m in Sources */ = {isa = PBXBuildFile; fileRef = 37F4120318030BB500D5BF5D /* main.m */; };
		37F4120818030BB500D5BF5D /* AppDelegate.m in Sources */ = {isa = PBXBuildFile; fileRef = 37F4120718030BB500D5BF5D /* AppDelegate.m */; };
		37F4120B18030BB500D5BF5D /* Main.storyboard in Resources */ = {isa = PBXBuildFile; fileRef = 37F4120918030BB500D5BF5D /* Main.storyboard */; };
		37F4120E18030BB500D5BF5D /* ViewController.m in Sources */ = {isa = PBXBuildFile; fileRef = 37F4120D18030BB500D5BF5D /* ViewController.m */; };
		37F4121018030BB500D5BF5D /* Images.xcassets in Resources */ = {isa = PBXBuildFile; fileRef = 37F4120F18030BB500D5BF5D /* Images.xcassets */; };
		37F4121718030BB500D5BF5D /* XCTest.framework in Frameworks */ = {isa = PBXBuildFile; fileRef = 37F4121618030BB500D5BF5D /* XCTest.framework */; };
		37F4121818030BB500D5BF5D /* Foundation.framework in Frameworks */ = {isa = PBXBuildFile; fileRef = 37F411F718030BB500D5BF5D /* Foundation.framework */; };
		37F4121918030BB500D5BF5D /* UIKit.framework in Frameworks */ = {isa = PBXBuildFile; fileRef = 37F411FB18030BB500D5BF5D /* UIKit.framework */; };
		37F4122118030BB500D5BF5D /* InfoPlist.strings in Resources */ = {isa = PBXBuildFile; fileRef = 37F4121F18030BB500D5BF5D /* InfoPlist.strings */; };
		37F4122318030BB500D5BF5D /* MappingTests.m in Sources */ = {isa = PBXBuildFile; fileRef = 37F4122218030BB500D5BF5D /* MappingTests.m */; };
		37F4122D18030BC700D5BF5D /* CoreLocation.framework in Frameworks */ = {isa = PBXBuildFile; fileRef = 37F4122C18030BC700D5BF5D /* CoreLocation.framework */; };
		37F4122F180313D300D5BF5D /* MapKit.framework in Frameworks */ = {isa = PBXBuildFile; fileRef = 37F4122E180313D300D5BF5D /* MapKit.framework */; };
/* End PBXBuildFile section */

/* Begin PBXContainerItemProxy section */
		37F4121A18030BB500D5BF5D /* PBXContainerItemProxy */ = {
			isa = PBXContainerItemProxy;
			containerPortal = 37F411EC18030BB500D5BF5D /* Project object */;
			proxyType = 1;
			remoteGlobalIDString = 37F411F318030BB500D5BF5D;
			remoteInfo = Mapping;
		};
/* End PBXContainerItemProxy section */

/* Begin PBXFileReference section */
		37F411F418030BB500D5BF5D /* Mapping.app */ = {isa = PBXFileReference; explicitFileType = wrapper.application; includeInIndex = 0; path = Mapping.app; sourceTree = BUILT_PRODUCTS_DIR; };
		37F411F718030BB500D5BF5D /* Foundation.framework */ = {isa = PBXFileReference; lastKnownFileType = wrapper.framework; name = Foundation.framework; path = System/Library/Frameworks/Foundation.framework; sourceTree = SDKROOT; };
		37F411F918030BB500D5BF5D /* CoreGraphics.framework */ = {isa = PBXFileReference; lastKnownFileType = wrapper.framework; name = CoreGraphics.framework; path = System/Library/Frameworks/CoreGraphics.framework; sourceTree = SDKROOT; };
		37F411FB18030BB500D5BF5D /* UIKit.framework */ = {isa = PBXFileReference; lastKnownFileType = wrapper.framework; name = UIKit.framework; path = System/Library/Frameworks/UIKit.framework; sourceTree = SDKROOT; };
		37F411FF18030BB500D5BF5D /* Mapping-Info.plist */ = {isa = PBXFileReference; lastKnownFileType = text.plist.xml; path = "Mapping-Info.plist"; sourceTree = "<group>"; };
		37F4120118030BB500D5BF5D /* en */ = {isa = PBXFileReference; lastKnownFileType = text.plist.strings; name = en; path = en.lproj/InfoPlist.strings; sourceTree = "<group>"; };
		37F4120318030BB500D5BF5D /* main.m */ = {isa = PBXFileReference; lastKnownFileType = sourcecode.c.objc; path = main.m; sourceTree = "<group>"; };
		37F4120518030BB500D5BF5D /* Mapping-Prefix.pch */ = {isa = PBXFileReference; lastKnownFileType = sourcecode.c.h; path = "Mapping-Prefix.pch"; sourceTree = "<group>"; };
		37F4120618030BB500D5BF5D /* AppDelegate.h */ = {isa = PBXFileReference; lastKnownFileType = sourcecode.c.h; path = AppDelegate.h; sourceTree = "<group>"; };
		37F4120718030BB500D5BF5D /* AppDelegate.m */ = {isa = PBXFileReference; lastKnownFileType = sourcecode.c.objc; path = AppDelegate.m; sourceTree = "<group>"; };
		37F4120A18030BB500D5BF5D /* Base */ = {isa = PBXFileReference; lastKnownFileType = file.storyboard; name = Base; path = Base.lproj/Main.storyboard; sourceTree = "<group>"; };
		37F4120C18030BB500D5BF5D /* ViewController.h */ = {isa = PBXFileReference; lastKnownFileType = sourcecode.c.h; path = ViewController.h; sourceTree = "<group>"; };
		37F4120D18030BB500D5BF5D /* ViewController.m */ = {isa = PBXFileReference; lastKnownFileType = sourcecode.c.objc; path = ViewController.m; sourceTree = "<group>"; };
		37F4120F18030BB500D5BF5D /* Images.xcassets */ = {isa = PBXFileReference; lastKnownFileType = folder.assetcatalog; path = Images.xcassets; sourceTree = "<group>"; };
		37F4121518030BB500D5BF5D /* MappingTests.xctest */ = {isa = PBXFileReference; explicitFileType = wrapper.cfbundle; includeInIndex = 0; path = MappingTests.xctest; sourceTree = BUILT_PRODUCTS_DIR; };
		37F4121618030BB500D5BF5D /* XCTest.framework */ = {isa = PBXFileReference; lastKnownFileType = wrapper.framework; name = XCTest.framework; path = Library/Frameworks/XCTest.framework; sourceTree = DEVELOPER_DIR; };
		37F4121E18030BB500D5BF5D /* MappingTests-Info.plist */ = {isa = PBXFileReference; lastKnownFileType = text.plist.xml; path = "MappingTests-Info.plist"; sourceTree = "<group>"; };
		37F4122018030BB500D5BF5D /* en */ = {isa = PBXFileReference; lastKnownFileType = text.plist.strings; name = en; path = en.lproj/InfoPlist.strings; sourceTree = "<group>"; };
		37F4122218030BB500D5BF5D /* MappingTests.m */ = {isa = PBXFileReference; lastKnownFileType = sourcecode.c.objc; path = MappingTests.m; sourceTree = "<group>"; };
		37F4122C18030BC700D5BF5D /* CoreLocation.framework */ = {isa = PBXFileReference; lastKnownFileType = wrapper.framework; name = CoreLocation.framework; path = System/Library/Frameworks/CoreLocation.framework; sourceTree = SDKROOT; };
		37F4122E180313D300D5BF5D /* MapKit.framework */ = {isa = PBXFileReference; lastKnownFileType = wrapper.framework; name = MapKit.framework; path = System/Library/Frameworks/MapKit.framework; sourceTree = SDKROOT; };
/* End PBXFileReference section */

/* Begin PBXFrameworksBuildPhase section */
		37F411F118030BB500D5BF5D /* Frameworks */ = {
			isa = PBXFrameworksBuildPhase;
			buildActionMask = 2147483647;
			files = (
				37F4122F180313D300D5BF5D /* MapKit.framework in Frameworks */,
				37F4122D18030BC700D5BF5D /* CoreLocation.framework in Frameworks */,
				37F411FA18030BB500D5BF5D /* CoreGraphics.framework in Frameworks */,
				37F411FC18030BB500D5BF5D /* UIKit.framework in Frameworks */,
				37F411F818030BB500D5BF5D /* Foundation.framework in Frameworks */,
			);
			runOnlyForDeploymentPostprocessing = 0;
		};
		37F4121218030BB500D5BF5D /* Frameworks */ = {
			isa = PBXFrameworksBuildPhase;
			buildActionMask = 2147483647;
			files = (
				37F4121718030BB500D5BF5D /* XCTest.framework in Frameworks */,
				37F4121918030BB500D5BF5D /* UIKit.framework in Frameworks */,
				37F4121818030BB500D5BF5D /* Foundation.framework in Frameworks */,
			);
			runOnlyForDeploymentPostprocessing = 0;
		};
/* End PBXFrameworksBuildPhase section */

/* Begin PBXGroup section */
		37F411EB18030BB500D5BF5D = {
			isa = PBXGroup;
			children = (
				37F411FD18030BB500D5BF5D /* Mapping */,
				37F4121C18030BB500D5BF5D /* MappingTests */,
				37F411F618030BB500D5BF5D /* Frameworks */,
				37F411F518030BB500D5BF5D /* Products */,
			);
			sourceTree = "<group>";
		};
		37F411F518030BB500D5BF5D /* Products */ = {
			isa = PBXGroup;
			children = (
				37F411F418030BB500D5BF5D /* Mapping.app */,
				37F4121518030BB500D5BF5D /* MappingTests.xctest */,
			);
			name = Products;
			sourceTree = "<group>";
		};
		37F411F618030BB500D5BF5D /* Frameworks */ = {
			isa = PBXGroup;
			children = (
				37F4122E180313D300D5BF5D /* MapKit.framework */,
				37F4122C18030BC700D5BF5D /* CoreLocation.framework */,
				37F411F718030BB500D5BF5D /* Foundation.framework */,
				37F411F918030BB500D5BF5D /* CoreGraphics.framework */,
				37F411FB18030BB500D5BF5D /* UIKit.framework */,
				37F4121618030BB500D5BF5D /* XCTest.framework */,
			);
			name = Frameworks;
			sourceTree = "<group>";
		};
		37F411FD18030BB500D5BF5D /* Mapping */ = {
			isa = PBXGroup;
			children = (
				37F4120618030BB500D5BF5D /* AppDelegate.h */,
				37F4120718030BB500D5BF5D /* AppDelegate.m */,
				37F4120918030BB500D5BF5D /* Main.storyboard */,
				37F4120C18030BB500D5BF5D /* ViewController.h */,
				37F4120D18030BB500D5BF5D /* ViewController.m */,
				37F4120F18030BB500D5BF5D /* Images.xcassets */,
				37F411FE18030BB500D5BF5D /* Supporting Files */,
			);
			path = Mapping;
			sourceTree = "<group>";
		};
		37F411FE18030BB500D5BF5D /* Supporting Files */ = {
			isa = PBXGroup;
			children = (
				37F411FF18030BB500D5BF5D /* Mapping-Info.plist */,
				37F4120018030BB500D5BF5D /* InfoPlist.strings */,
				37F4120318030BB500D5BF5D /* main.m */,
				37F4120518030BB500D5BF5D /* Mapping-Prefix.pch */,
			);
			name = "Supporting Files";
			sourceTree = "<group>";
		};
		37F4121C18030BB500D5BF5D /* MappingTests */ = {
			isa = PBXGroup;
			children = (
				37F4122218030BB500D5BF5D /* MappingTests.m */,
				37F4121D18030BB500D5BF5D /* Supporting Files */,
			);
			path = MappingTests;
			sourceTree = "<group>";
		};
		37F4121D18030BB500D5BF5D /* Supporting Files */ = {
			isa = PBXGroup;
			children = (
				37F4121E18030BB500D5BF5D /* MappingTests-Info.plist */,
				37F4121F18030BB500D5BF5D /* InfoPlist.strings */,
			);
			name = "Supporting Files";
			sourceTree = "<group>";
		};
/* End PBXGroup section */

/* Begin PBXNativeTarget section */
		37F411F318030BB500D5BF5D /* Mapping */ = {
			isa = PBXNativeTarget;
			buildConfigurationList = 37F4122618030BB500D5BF5D /* Build configuration list for PBXNativeTarget "Mapping" */;
			buildPhases = (
				37F411F018030BB500D5BF5D /* Sources */,
				37F411F118030BB500D5BF5D /* Frameworks */,
				37F411F218030BB500D5BF5D /* Resources */,
			);
			buildRules = (
			);
			dependencies = (
			);
			name = Mapping;
			productName = Mapping;
			productReference = 37F411F418030BB500D5BF5D /* Mapping.app */;
			productType = "com.apple.product-type.application";
		};
		37F4121418030BB500D5BF5D /* MappingTests */ = {
			isa = PBXNativeTarget;
			buildConfigurationList = 37F4122918030BB500D5BF5D /* Build configuration list for PBXNativeTarget "MappingTests" */;
			buildPhases = (
				37F4121118030BB500D5BF5D /* Sources */,
				37F4121218030BB500D5BF5D /* Frameworks */,
				37F4121318030BB500D5BF5D /* Resources */,
			);
			buildRules = (
			);
			dependencies = (
				37F4121B18030BB500D5BF5D /* PBXTargetDependency */,
			);
			name = MappingTests;
			productName = MappingTests;
			productReference = 37F4121518030BB500D5BF5D /* MappingTests.xctest */;
			productType = "com.apple.product-type.bundle.unit-test";
		};
/* End PBXNativeTarget section */

/* Begin PBXProject section */
		37F411EC18030BB500D5BF5D /* Project object */ = {
			isa = PBXProject;
			attributes = {
				LastUpgradeCheck = 0500;
				ORGANIZATIONNAME = "Greg Tropino";
				TargetAttributes = {
					37F4121418030BB500D5BF5D = {
						TestTargetID = 37F411F318030BB500D5BF5D;
					};
				};
			};
			buildConfigurationList = 37F411EF18030BB500D5BF5D /* Build configuration list for PBXProject "Mapping" */;
			compatibilityVersion = "Xcode 3.2";
			developmentRegion = English;
			hasScannedForEncodings = 0;
			knownRegions = (
				en,
				Base,
			);
			mainGroup = 37F411EB18030BB500D5BF5D;
			productRefGroup = 37F411F518030BB500D5BF5D /* Products */;
			projectDirPath = "";
			projectRoot = "";
			targets = (
				37F411F318030BB500D5BF5D /* Mapping */,
				37F4121418030BB500D5BF5D /* MappingTests */,
			);
		};
/* End PBXProject section */

/* Begin PBXResourcesBuildPhase section */
		37F411F218030BB500D5BF5D /* Resources */ = {
			isa = PBXResourcesBuildPhase;
			buildActionMask = 2147483647;
			files = (
				37F4121018030BB500D5BF5D /* Images.xcassets in Resources */,
				37F4120218030BB500D5BF5D /* InfoPlist.strings in Resources */,
				37F4120B18030BB500D5BF5D /* Main.storyboard in Resources */,
			);
			runOnlyForDeploymentPostprocessing = 0;
		};
		37F4121318030BB500D5BF5D /* Resources */ = {
			isa = PBXResourcesBuildPhase;
			buildActionMask = 2147483647;
			files = (
				37F4122118030BB500D5BF5D /* InfoPlist.strings in Resources */,
			);
			runOnlyForDeploymentPostprocessing = 0;
		};
/* End PBXResourcesBuildPhase section */

/* Begin PBXSourcesBuildPhase section */
		37F411F018030BB500D5BF5D /* Sources */ = {
			isa = PBXSourcesBuildPhase;
			buildActionMask = 2147483647;
			files = (
				37F4120E18030BB500D5BF5D /* ViewController.m in Sources */,
				37F4120818030BB500D5BF5D /* AppDelegate.m in Sources */,
				37F4120418030BB500D5BF5D /* main.m in Sources */,
			);
			runOnlyForDeploymentPostprocessing = 0;
		};
		37F4121118030BB500D5BF5D /* Sources */ = {
			isa = PBXSourcesBuildPhase;
			buildActionMask = 2147483647;
			files = (
				37F4122318030BB500D5BF5D /* MappingTests.m in Sources */,
			);
			runOnlyForDeploymentPostprocessing = 0;
		};
/* End PBXSourcesBuildPhase section */

/* Begin PBXTargetDependency section */
		37F4121B18030BB500D5BF5D /* PBXTargetDependency */ = {
			isa = PBXTargetDependency;
			target = 37F411F318030BB500D5BF5D /* Mapping */;
			targetProxy = 37F4121A18030BB500D5BF5D /* PBXContainerItemProxy */;
		};
/* End PBXTargetDependency section */

/* Begin PBXVariantGroup section */
		37F4120018030BB500D5BF5D /* InfoPlist.strings */ = {
			isa = PBXVariantGroup;
			children = (
				37F4120118030BB500D5BF5D /* en */,
			);
			name = InfoPlist.strings;
			sourceTree = "<group>";
		};
		37F4120918030BB500D5BF5D /* Main.storyboard */ = {
			isa = PBXVariantGroup;
			children = (
				37F4120A18030BB500D5BF5D /* Base */,
			);
			name = Main.storyboard;
			sourceTree = "<group>";
		};
		37F4121F18030BB500D5BF5D /* InfoPlist.strings */ = {
			isa = PBXVariantGroup;
			children = (
				37F4122018030BB500D5BF5D /* en */,
			);
			name = InfoPlist.strings;
			sourceTree = "<group>";
		};
/* End PBXVariantGroup section */

/* Begin XCBuildConfiguration section */
		37F4122418030BB500D5BF5D /* Debug */ = {
			isa = XCBuildConfiguration;
			buildSettings = {
				ALWAYS_SEARCH_USER_PATHS = NO;
				ARCHS = "$(ARCHS_STANDARD_INCLUDING_64_BIT)";
				CLANG_CXX_LANGUAGE_STANDARD = "gnu++0x";
				CLANG_CXX_LIBRARY = "libc++";
				CLANG_ENABLE_MODULES = YES;
				CLANG_ENABLE_OBJC_ARC = YES;
				CLANG_WARN_BOOL_CONVERSION = YES;
				CLANG_WARN_CONSTANT_CONVERSION = YES;
				CLANG_WARN_DIRECT_OBJC_ISA_USAGE = YES_ERROR;
				CLANG_WARN_EMPTY_BODY = YES;
				CLANG_WARN_ENUM_CONVERSION = YES;
				CLANG_WARN_INT_CONVERSION = YES;
				CLANG_WARN_OBJC_ROOT_CLASS = YES_ERROR;
				CLANG_WARN__DUPLICATE_METHOD_MATCH = YES;
				"CODE_SIGN_IDENTITY[sdk=iphoneos*]" = "iPhone Developer";
				COPY_PHASE_STRIP = NO;
				GCC_C_LANGUAGE_STANDARD = gnu99;
				GCC_DYNAMIC_NO_PIC = NO;
				GCC_OPTIMIZATION_LEVEL = 0;
				GCC_PREPROCESSOR_DEFINITIONS = (
					"DEBUG=1",
					"$(inherited)",
				);
				GCC_SYMBOLS_PRIVATE_EXTERN = NO;
				GCC_WARN_64_TO_32_BIT_CONVERSION = YES;
				GCC_WARN_ABOUT_RETURN_TYPE = YES_ERROR;
				GCC_WARN_UNDECLARED_SELECTOR = YES;
				GCC_WARN_UNINITIALIZED_AUTOS = YES;
				GCC_WARN_UNUSED_FUNCTION = YES;
				GCC_WARN_UNUSED_VARIABLE = YES;
				IPHONEOS_DEPLOYMENT_TARGET = 7.0;
				ONLY_ACTIVE_ARCH = YES;
				SDKROOT = iphoneos;
			};
			name = Debug;
		};
		37F4122518030BB500D5BF5D /* Release */ = {
			isa = XCBuildConfiguration;
			buildSettings = {
				ALWAYS_SEARCH_USER_PATHS = NO;
				ARCHS = "$(ARCHS_STANDARD_INCLUDING_64_BIT)";
				CLANG_CXX_LANGUAGE_STANDARD = "gnu++0x";
				CLANG_CXX_LIBRARY = "libc++";
				CLANG_ENABLE_MODULES = YES;
				CLANG_ENABLE_OBJC_ARC = YES;
				CLANG_WARN_BOOL_CONVERSION = YES;
				CLANG_WARN_CONSTANT_CONVERSION = YES;
				CLANG_WARN_DIRECT_OBJC_ISA_USAGE = YES_ERROR;
				CLANG_WARN_EMPTY_BODY = YES;
				CLANG_WARN_ENUM_CONVERSION = YES;
				CLANG_WARN_INT_CONVERSION = YES;
				CLANG_WARN_OBJC_ROOT_CLASS = YES_ERROR;
				CLANG_WARN__DUPLICATE_METHOD_MATCH = YES;
				"CODE_SIGN_IDENTITY[sdk=iphoneos*]" = "iPhone Developer";
				COPY_PHASE_STRIP = YES;
				ENABLE_NS_ASSERTIONS = NO;
				GCC_C_LANGUAGE_STANDARD = gnu99;
				GCC_WARN_64_TO_32_BIT_CONVERSION = YES;
				GCC_WARN_ABOUT_RETURN_TYPE = YES_ERROR;
				GCC_WARN_UNDECLARED_SELECTOR = YES;
				GCC_WARN_UNINITIALIZED_AUTOS = YES;
				GCC_WARN_UNUSED_FUNCTION = YES;
				GCC_WARN_UNUSED_VARIABLE = YES;
				IPHONEOS_DEPLOYMENT_TARGET = 7.0;
				SDKROOT = iphoneos;
				VALIDATE_PRODUCT = YES;
			};
			name = Release;
		};
		37F4122718030BB500D5BF5D /* Debug */ = {
			isa = XCBuildConfiguration;
			buildSettings = {
				ASSETCATALOG_COMPILER_APPICON_NAME = AppIcon;
				ASSETCATALOG_COMPILER_LAUNCHIMAGE_NAME = LaunchImage;
				GCC_PRECOMPILE_PREFIX_HEADER = YES;
				GCC_PREFIX_HEADER = "Mapping/Mapping-Prefix.pch";
				INFOPLIST_FILE = "Mapping/Mapping-Info.plist";
				PRODUCT_NAME = "$(TARGET_NAME)";
				WRAPPER_EXTENSION = app;
			};
			name = Debug;
		};
		37F4122818030BB500D5BF5D /* Release */ = {
			isa = XCBuildConfiguration;
			buildSettings = {
				ASSETCATALOG_COMPILER_APPICON_NAME = AppIcon;
				ASSETCATALOG_COMPILER_LAUNCHIMAGE_NAME = LaunchImage;
				GCC_PRECOMPILE_PREFIX_HEADER = YES;
				GCC_PREFIX_HEADER = "Mapping/Mapping-Prefix.pch";
				INFOPLIST_FILE = "Mapping/Mapping-Info.plist";
				PRODUCT_NAME = "$(TARGET_NAME)";
				WRAPPER_EXTENSION = app;
			};
			name = Release;
		};
		37F4122A18030BB500D5BF5D /* Debug */ = {
			isa = XCBuildConfiguration;
			buildSettings = {
				ARCHS = "$(ARCHS_STANDARD_INCLUDING_64_BIT)";
				BUNDLE_LOADER = "$(BUILT_PRODUCTS_DIR)/Mapping.app/Mapping";
				FRAMEWORK_SEARCH_PATHS = (
					"$(SDKROOT)/Developer/Library/Frameworks",
					"$(inherited)",
					"$(DEVELOPER_FRAMEWORKS_DIR)",
				);
				GCC_PRECOMPILE_PREFIX_HEADER = YES;
				GCC_PREFIX_HEADER = "Mapping/Mapping-Prefix.pch";
				GCC_PREPROCESSOR_DEFINITIONS = (
					"DEBUG=1",
					"$(inherited)",
				);
				INFOPLIST_FILE = "MappingTests/MappingTests-Info.plist";
				PRODUCT_NAME = "$(TARGET_NAME)";
				TEST_HOST = "$(BUNDLE_LOADER)";
				WRAPPER_EXTENSION = xctest;
			};
			name = Debug;
		};
		37F4122B18030BB500D5BF5D /* Release */ = {
			isa = XCBuildConfiguration;
			buildSettings = {
				ARCHS = "$(ARCHS_STANDARD_INCLUDING_64_BIT)";
				BUNDLE_LOADER = "$(BUILT_PRODUCTS_DIR)/Mapping.app/Mapping";
				FRAMEWORK_SEARCH_PATHS = (
					"$(SDKROOT)/Developer/Library/Frameworks",
					"$(inherited)",
					"$(DEVELOPER_FRAMEWORKS_DIR)",
				);
				GCC_PRECOMPILE_PREFIX_HEADER = YES;
				GCC_PREFIX_HEADER = "Mapping/Mapping-Prefix.pch";
				INFOPLIST_FILE = "MappingTests/MappingTests-Info.plist";
				PRODUCT_NAME = "$(TARGET_NAME)";
				TEST_HOST = "$(BUNDLE_LOADER)";
				WRAPPER_EXTENSION = xctest;
			};
			name = Release;
		};
/* End XCBuildConfiguration section */

/* Begin XCConfigurationList section */
		37F411EF18030BB500D5BF5D /* Build configuration list for PBXProject "Mapping" */ = {
			isa = XCConfigurationList;
			buildConfigurations = (
				37F4122418030BB500D5BF5D /* Debug */,
				37F4122518030BB500D5BF5D /* Release */,
			);
			defaultConfigurationIsVisible = 0;
			defaultConfigurationName = Release;
		};
		37F4122618030BB500D5BF5D /* Build configuration list for PBXNativeTarget "Mapping" */ = {
			isa = XCConfigurationList;
			buildConfigurations = (
				37F4122718030BB500D5BF5D /* Debug */,
				37F4122818030BB500D5BF5D /* Release */,
			);
			defaultConfigurationIsVisible = 0;
		};
		37F4122918030BB500D5BF5D /* Build configuration list for PBXNativeTarget "MappingTests" */ = {
			isa = XCConfigurationList;
			buildConfigurations = (
				37F4122A18030BB500D5BF5D /* Debug */,
				37F4122B18030BB500D5BF5D /* Release */,
			);
			defaultConfigurationIsVisible = 0;
		};
/* End XCConfigurationList section */
	};
	rootObject = 37F411EC18030BB500D5BF5D /* Project object */;
}
