// !$*UTF8*$!
{
	archiveVersion = 1;
	classes = {
	};
	objectVersion = 46;
	objects = {

/* Begin PBXBuildFile section */
		372E650617FDCDEE00D85209 /* Foundation.framework in Frameworks */ = {isa = PBXBuildFile; fileRef = 372E650517FDCDEE00D85209 /* Foundation.framework */; };
		372E650817FDCDEE00D85209 /* CoreGraphics.framework in Frameworks */ = {isa = PBXBuildFile; fileRef = 372E650717FDCDEE00D85209 /* CoreGraphics.framework */; };
		372E650A17FDCDEE00D85209 /* UIKit.framework in Frameworks */ = {isa = PBXBuildFile; fileRef = 372E650917FDCDEE00D85209 /* UIKit.framework */; };
		372E651017FDCDEE00D85209 /* InfoPlist.strings in Resources */ = {isa = PBXBuildFile; fileRef = 372E650E17FDCDEE00D85209 /* InfoPlist.strings */; };
		372E651217FDCDEE00D85209 /* main.m in Sources */ = {isa = PBXBuildFile; fileRef = 372E651117FDCDEE00D85209 /* main.m */; };
		372E651617FDCDEE00D85209 /* AppDelegate.m in Sources */ = {isa = PBXBuildFile; fileRef = 372E651517FDCDEE00D85209 /* AppDelegate.m */; };
		372E651917FDCDEE00D85209 /* Main.storyboard in Resources */ = {isa = PBXBuildFile; fileRef = 372E651717FDCDEE00D85209 /* Main.storyboard */; };
		372E651C17FDCDEF00D85209 /* ViewController.m in Sources */ = {isa = PBXBuildFile; fileRef = 372E651B17FDCDEF00D85209 /* ViewController.m */; };
		372E651E17FDCDEF00D85209 /* Images.xcassets in Resources */ = {isa = PBXBuildFile; fileRef = 372E651D17FDCDEF00D85209 /* Images.xcassets */; };
		372E652517FDCDEF00D85209 /* XCTest.framework in Frameworks */ = {isa = PBXBuildFile; fileRef = 372E652417FDCDEF00D85209 /* XCTest.framework */; };
		372E652617FDCDEF00D85209 /* Foundation.framework in Frameworks */ = {isa = PBXBuildFile; fileRef = 372E650517FDCDEE00D85209 /* Foundation.framework */; };
		372E652717FDCDEF00D85209 /* UIKit.framework in Frameworks */ = {isa = PBXBuildFile; fileRef = 372E650917FDCDEE00D85209 /* UIKit.framework */; };
		372E652F17FDCDEF00D85209 /* InfoPlist.strings in Resources */ = {isa = PBXBuildFile; fileRef = 372E652D17FDCDEF00D85209 /* InfoPlist.strings */; };
		372E653117FDCDEF00D85209 /* APIWorkTests.m in Sources */ = {isa = PBXBuildFile; fileRef = 372E653017FDCDEF00D85209 /* APIWorkTests.m */; };
/* End PBXBuildFile section */

/* Begin PBXContainerItemProxy section */
		372E652817FDCDEF00D85209 /* PBXContainerItemProxy */ = {
			isa = PBXContainerItemProxy;
			containerPortal = 372E64FA17FDCDEE00D85209 /* Project object */;
			proxyType = 1;
			remoteGlobalIDString = 372E650117FDCDEE00D85209;
			remoteInfo = APIWork;
		};
/* End PBXContainerItemProxy section */

/* Begin PBXFileReference section */
		372E650217FDCDEE00D85209 /* APIWork.app */ = {isa = PBXFileReference; explicitFileType = wrapper.application; includeInIndex = 0; path = APIWork.app; sourceTree = BUILT_PRODUCTS_DIR; };
		372E650517FDCDEE00D85209 /* Foundation.framework */ = {isa = PBXFileReference; lastKnownFileType = wrapper.framework; name = Foundation.framework; path = System/Library/Frameworks/Foundation.framework; sourceTree = SDKROOT; };
		372E650717FDCDEE00D85209 /* CoreGraphics.framework */ = {isa = PBXFileReference; lastKnownFileType = wrapper.framework; name = CoreGraphics.framework; path = System/Library/Frameworks/CoreGraphics.framework; sourceTree = SDKROOT; };
		372E650917FDCDEE00D85209 /* UIKit.framework */ = {isa = PBXFileReference; lastKnownFileType = wrapper.framework; name = UIKit.framework; path = System/Library/Frameworks/UIKit.framework; sourceTree = SDKROOT; };
		372E650D17FDCDEE00D85209 /* APIWork-Info.plist */ = {isa = PBXFileReference; lastKnownFileType = text.plist.xml; path = "APIWork-Info.plist"; sourceTree = "<group>"; };
		372E650F17FDCDEE00D85209 /* en */ = {isa = PBXFileReference; lastKnownFileType = text.plist.strings; name = en; path = en.lproj/InfoPlist.strings; sourceTree = "<group>"; };
		372E651117FDCDEE00D85209 /* main.m */ = {isa = PBXFileReference; lastKnownFileType = sourcecode.c.objc; path = main.m; sourceTree = "<group>"; };
		372E651317FDCDEE00D85209 /* APIWork-Prefix.pch */ = {isa = PBXFileReference; lastKnownFileType = sourcecode.c.h; path = "APIWork-Prefix.pch"; sourceTree = "<group>"; };
		372E651417FDCDEE00D85209 /* AppDelegate.h */ = {isa = PBXFileReference; lastKnownFileType = sourcecode.c.h; path = AppDelegate.h; sourceTree = "<group>"; };
		372E651517FDCDEE00D85209 /* AppDelegate.m */ = {isa = PBXFileReference; lastKnownFileType = sourcecode.c.objc; path = AppDelegate.m; sourceTree = "<group>"; };
		372E651817FDCDEE00D85209 /* Base */ = {isa = PBXFileReference; lastKnownFileType = file.storyboard; name = Base; path = Base.lproj/Main.storyboard; sourceTree = "<group>"; };
		372E651A17FDCDEE00D85209 /* ViewController.h */ = {isa = PBXFileReference; lastKnownFileType = sourcecode.c.h; path = ViewController.h; sourceTree = "<group>"; };
		372E651B17FDCDEF00D85209 /* ViewController.m */ = {isa = PBXFileReference; lastKnownFileType = sourcecode.c.objc; path = ViewController.m; sourceTree = "<group>"; };
		372E651D17FDCDEF00D85209 /* Images.xcassets */ = {isa = PBXFileReference; lastKnownFileType = folder.assetcatalog; path = Images.xcassets; sourceTree = "<group>"; };
		372E652317FDCDEF00D85209 /* APIWorkTests.xctest */ = {isa = PBXFileReference; explicitFileType = wrapper.cfbundle; includeInIndex = 0; path = APIWorkTests.xctest; sourceTree = BUILT_PRODUCTS_DIR; };
		372E652417FDCDEF00D85209 /* XCTest.framework */ = {isa = PBXFileReference; lastKnownFileType = wrapper.framework; name = XCTest.framework; path = Library/Frameworks/XCTest.framework; sourceTree = DEVELOPER_DIR; };
		372E652C17FDCDEF00D85209 /* APIWorkTests-Info.plist */ = {isa = PBXFileReference; lastKnownFileType = text.plist.xml; path = "APIWorkTests-Info.plist"; sourceTree = "<group>"; };
		372E652E17FDCDEF00D85209 /* en */ = {isa = PBXFileReference; lastKnownFileType = text.plist.strings; name = en; path = en.lproj/InfoPlist.strings; sourceTree = "<group>"; };
		372E653017FDCDEF00D85209 /* APIWorkTests.m */ = {isa = PBXFileReference; lastKnownFileType = sourcecode.c.objc; path = APIWorkTests.m; sourceTree = "<group>"; };
/* End PBXFileReference section */

/* Begin PBXFrameworksBuildPhase section */
		372E64FF17FDCDEE00D85209 /* Frameworks */ = {
			isa = PBXFrameworksBuildPhase;
			buildActionMask = 2147483647;
			files = (
				372E650817FDCDEE00D85209 /* CoreGraphics.framework in Frameworks */,
				372E650A17FDCDEE00D85209 /* UIKit.framework in Frameworks */,
				372E650617FDCDEE00D85209 /* Foundation.framework in Frameworks */,
			);
			runOnlyForDeploymentPostprocessing = 0;
		};
		372E652017FDCDEF00D85209 /* Frameworks */ = {
			isa = PBXFrameworksBuildPhase;
			buildActionMask = 2147483647;
			files = (
				372E652517FDCDEF00D85209 /* XCTest.framework in Frameworks */,
				372E652717FDCDEF00D85209 /* UIKit.framework in Frameworks */,
				372E652617FDCDEF00D85209 /* Foundation.framework in Frameworks */,
			);
			runOnlyForDeploymentPostprocessing = 0;
		};
/* End PBXFrameworksBuildPhase section */

/* Begin PBXGroup section */
		372E64F917FDCDEE00D85209 = {
			isa = PBXGroup;
			children = (
				372E650B17FDCDEE00D85209 /* APIWork */,
				372E652A17FDCDEF00D85209 /* APIWorkTests */,
				372E650417FDCDEE00D85209 /* Frameworks */,
				372E650317FDCDEE00D85209 /* Products */,
			);
			sourceTree = "<group>";
		};
		372E650317FDCDEE00D85209 /* Products */ = {
			isa = PBXGroup;
			children = (
				372E650217FDCDEE00D85209 /* APIWork.app */,
				372E652317FDCDEF00D85209 /* APIWorkTests.xctest */,
			);
			name = Products;
			sourceTree = "<group>";
		};
		372E650417FDCDEE00D85209 /* Frameworks */ = {
			isa = PBXGroup;
			children = (
				372E650517FDCDEE00D85209 /* Foundation.framework */,
				372E650717FDCDEE00D85209 /* CoreGraphics.framework */,
				372E650917FDCDEE00D85209 /* UIKit.framework */,
				372E652417FDCDEF00D85209 /* XCTest.framework */,
			);
			name = Frameworks;
			sourceTree = "<group>";
		};
		372E650B17FDCDEE00D85209 /* APIWork */ = {
			isa = PBXGroup;
			children = (
				372E651417FDCDEE00D85209 /* AppDelegate.h */,
				372E651517FDCDEE00D85209 /* AppDelegate.m */,
				372E651717FDCDEE00D85209 /* Main.storyboard */,
				372E651A17FDCDEE00D85209 /* ViewController.h */,
				372E651B17FDCDEF00D85209 /* ViewController.m */,
				372E651D17FDCDEF00D85209 /* Images.xcassets */,
				372E650C17FDCDEE00D85209 /* Supporting Files */,
			);
			path = APIWork;
			sourceTree = "<group>";
		};
		372E650C17FDCDEE00D85209 /* Supporting Files */ = {
			isa = PBXGroup;
			children = (
				372E650D17FDCDEE00D85209 /* APIWork-Info.plist */,
				372E650E17FDCDEE00D85209 /* InfoPlist.strings */,
				372E651117FDCDEE00D85209 /* main.m */,
				372E651317FDCDEE00D85209 /* APIWork-Prefix.pch */,
			);
			name = "Supporting Files";
			sourceTree = "<group>";
		};
		372E652A17FDCDEF00D85209 /* APIWorkTests */ = {
			isa = PBXGroup;
			children = (
				372E653017FDCDEF00D85209 /* APIWorkTests.m */,
				372E652B17FDCDEF00D85209 /* Supporting Files */,
			);
			path = APIWorkTests;
			sourceTree = "<group>";
		};
		372E652B17FDCDEF00D85209 /* Supporting Files */ = {
			isa = PBXGroup;
			children = (
				372E652C17FDCDEF00D85209 /* APIWorkTests-Info.plist */,
				372E652D17FDCDEF00D85209 /* InfoPlist.strings */,
			);
			name = "Supporting Files";
			sourceTree = "<group>";
		};
/* End PBXGroup section */

/* Begin PBXNativeTarget section */
		372E650117FDCDEE00D85209 /* APIWork */ = {
			isa = PBXNativeTarget;
			buildConfigurationList = 372E653417FDCDEF00D85209 /* Build configuration list for PBXNativeTarget "APIWork" */;
			buildPhases = (
				372E64FE17FDCDEE00D85209 /* Sources */,
				372E64FF17FDCDEE00D85209 /* Frameworks */,
				372E650017FDCDEE00D85209 /* Resources */,
			);
			buildRules = (
			);
			dependencies = (
			);
			name = APIWork;
			productName = APIWork;
			productReference = 372E650217FDCDEE00D85209 /* APIWork.app */;
			productType = "com.apple.product-type.application";
		};
		372E652217FDCDEF00D85209 /* APIWorkTests */ = {
			isa = PBXNativeTarget;
			buildConfigurationList = 372E653717FDCDEF00D85209 /* Build configuration list for PBXNativeTarget "APIWorkTests" */;
			buildPhases = (
				372E651F17FDCDEF00D85209 /* Sources */,
				372E652017FDCDEF00D85209 /* Frameworks */,
				372E652117FDCDEF00D85209 /* Resources */,
			);
			buildRules = (
			);
			dependencies = (
				372E652917FDCDEF00D85209 /* PBXTargetDependency */,
			);
			name = APIWorkTests;
			productName = APIWorkTests;
			productReference = 372E652317FDCDEF00D85209 /* APIWorkTests.xctest */;
			productType = "com.apple.product-type.bundle.unit-test";
		};
/* End PBXNativeTarget section */

/* Begin PBXProject section */
		372E64FA17FDCDEE00D85209 /* Project object */ = {
			isa = PBXProject;
			attributes = {
				LastUpgradeCheck = 0500;
				ORGANIZATIONNAME = "Greg Tropino";
				TargetAttributes = {
					372E652217FDCDEF00D85209 = {
						TestTargetID = 372E650117FDCDEE00D85209;
					};
				};
			};
			buildConfigurationList = 372E64FD17FDCDEE00D85209 /* Build configuration list for PBXProject "APIWork" */;
			compatibilityVersion = "Xcode 3.2";
			developmentRegion = English;
			hasScannedForEncodings = 0;
			knownRegions = (
				en,
				Base,
			);
			mainGroup = 372E64F917FDCDEE00D85209;
			productRefGroup = 372E650317FDCDEE00D85209 /* Products */;
			projectDirPath = "";
			projectRoot = "";
			targets = (
				372E650117FDCDEE00D85209 /* APIWork */,
				372E652217FDCDEF00D85209 /* APIWorkTests */,
			);
		};
/* End PBXProject section */

/* Begin PBXResourcesBuildPhase section */
		372E650017FDCDEE00D85209 /* Resources */ = {
			isa = PBXResourcesBuildPhase;
			buildActionMask = 2147483647;
			files = (
				372E651E17FDCDEF00D85209 /* Images.xcassets in Resources */,
				372E651017FDCDEE00D85209 /* InfoPlist.strings in Resources */,
				372E651917FDCDEE00D85209 /* Main.storyboard in Resources */,
			);
			runOnlyForDeploymentPostprocessing = 0;
		};
		372E652117FDCDEF00D85209 /* Resources */ = {
			isa = PBXResourcesBuildPhase;
			buildActionMask = 2147483647;
			files = (
				372E652F17FDCDEF00D85209 /* InfoPlist.strings in Resources */,
			);
			runOnlyForDeploymentPostprocessing = 0;
		};
/* End PBXResourcesBuildPhase section */

/* Begin PBXSourcesBuildPhase section */
		372E64FE17FDCDEE00D85209 /* Sources */ = {
			isa = PBXSourcesBuildPhase;
			buildActionMask = 2147483647;
			files = (
				372E651C17FDCDEF00D85209 /* ViewController.m in Sources */,
				372E651617FDCDEE00D85209 /* AppDelegate.m in Sources */,
				372E651217FDCDEE00D85209 /* main.m in Sources */,
			);
			runOnlyForDeploymentPostprocessing = 0;
		};
		372E651F17FDCDEF00D85209 /* Sources */ = {
			isa = PBXSourcesBuildPhase;
			buildActionMask = 2147483647;
			files = (
				372E653117FDCDEF00D85209 /* APIWorkTests.m in Sources */,
			);
			runOnlyForDeploymentPostprocessing = 0;
		};
/* End PBXSourcesBuildPhase section */

/* Begin PBXTargetDependency section */
		372E652917FDCDEF00D85209 /* PBXTargetDependency */ = {
			isa = PBXTargetDependency;
			target = 372E650117FDCDEE00D85209 /* APIWork */;
			targetProxy = 372E652817FDCDEF00D85209 /* PBXContainerItemProxy */;
		};
/* End PBXTargetDependency section */

/* Begin PBXVariantGroup section */
		372E650E17FDCDEE00D85209 /* InfoPlist.strings */ = {
			isa = PBXVariantGroup;
			children = (
				372E650F17FDCDEE00D85209 /* en */,
			);
			name = InfoPlist.strings;
			sourceTree = "<group>";
		};
		372E651717FDCDEE00D85209 /* Main.storyboard */ = {
			isa = PBXVariantGroup;
			children = (
				372E651817FDCDEE00D85209 /* Base */,
			);
			name = Main.storyboard;
			sourceTree = "<group>";
		};
		372E652D17FDCDEF00D85209 /* InfoPlist.strings */ = {
			isa = PBXVariantGroup;
			children = (
				372E652E17FDCDEF00D85209 /* en */,
			);
			name = InfoPlist.strings;
			sourceTree = "<group>";
		};
/* End PBXVariantGroup section */

/* Begin XCBuildConfiguration section */
		372E653217FDCDEF00D85209 /* Debug */ = {
			isa = XCBuildConfiguration;
			buildSettings = {
				ALWAYS_SEARCH_USER_PATHS = NO;
				ARCHS = "$(ARCHS_STANDARD_INCLUDING_64_BIT)";
				CLANG_CXX_LANGUAGE_STANDARD = "gnu++0x";
				CLANG_CXX_LIBRARY = "libc++";
				CLANG_ENABLE_MODULES = YES;
				CLANG_ENABLE_OBJC_ARC = YES;
				CLANG_WARN_BOOL_CONVERSION = YES;
				CLANG_WARN_CONSTANT_CONVERSION = YES;
				CLANG_WARN_DIRECT_OBJC_ISA_USAGE = YES_ERROR;
				CLANG_WARN_EMPTY_BODY = YES;
				CLANG_WARN_ENUM_CONVERSION = YES;
				CLANG_WARN_INT_CONVERSION = YES;
				CLANG_WARN_OBJC_ROOT_CLASS = YES_ERROR;
				CLANG_WARN__DUPLICATE_METHOD_MATCH = YES;
				"CODE_SIGN_IDENTITY[sdk=iphoneos*]" = "iPhone Developer";
				COPY_PHASE_STRIP = NO;
				GCC_C_LANGUAGE_STANDARD = gnu99;
				GCC_DYNAMIC_NO_PIC = NO;
				GCC_OPTIMIZATION_LEVEL = 0;
				GCC_PREPROCESSOR_DEFINITIONS = (
					"DEBUG=1",
					"$(inherited)",
				);
				GCC_SYMBOLS_PRIVATE_EXTERN = NO;
				GCC_WARN_64_TO_32_BIT_CONVERSION = YES;
				GCC_WARN_ABOUT_RETURN_TYPE = YES_ERROR;
				GCC_WARN_UNDECLARED_SELECTOR = YES;
				GCC_WARN_UNINITIALIZED_AUTOS = YES;
				GCC_WARN_UNUSED_FUNCTION = YES;
				GCC_WARN_UNUSED_VARIABLE = YES;
				IPHONEOS_DEPLOYMENT_TARGET = 7.0;
				ONLY_ACTIVE_ARCH = YES;
				SDKROOT = iphoneos;
			};
			name = Debug;
		};
		372E653317FDCDEF00D85209 /* Release */ = {
			isa = XCBuildConfiguration;
			buildSettings = {
				ALWAYS_SEARCH_USER_PATHS = NO;
				ARCHS = "$(ARCHS_STANDARD_INCLUDING_64_BIT)";
				CLANG_CXX_LANGUAGE_STANDARD = "gnu++0x";
				CLANG_CXX_LIBRARY = "libc++";
				CLANG_ENABLE_MODULES = YES;
				CLANG_ENABLE_OBJC_ARC = YES;
				CLANG_WARN_BOOL_CONVERSION = YES;
				CLANG_WARN_CONSTANT_CONVERSION = YES;
				CLANG_WARN_DIRECT_OBJC_ISA_USAGE = YES_ERROR;
				CLANG_WARN_EMPTY_BODY = YES;
				CLANG_WARN_ENUM_CONVERSION = YES;
				CLANG_WARN_INT_CONVERSION = YES;
				CLANG_WARN_OBJC_ROOT_CLASS = YES_ERROR;
				CLANG_WARN__DUPLICATE_METHOD_MATCH = YES;
				"CODE_SIGN_IDENTITY[sdk=iphoneos*]" = "iPhone Developer";
				COPY_PHASE_STRIP = YES;
				ENABLE_NS_ASSERTIONS = NO;
				GCC_C_LANGUAGE_STANDARD = gnu99;
				GCC_WARN_64_TO_32_BIT_CONVERSION = YES;
				GCC_WARN_ABOUT_RETURN_TYPE = YES_ERROR;
				GCC_WARN_UNDECLARED_SELECTOR = YES;
				GCC_WARN_UNINITIALIZED_AUTOS = YES;
				GCC_WARN_UNUSED_FUNCTION = YES;
				GCC_WARN_UNUSED_VARIABLE = YES;
				IPHONEOS_DEPLOYMENT_TARGET = 7.0;
				SDKROOT = iphoneos;
				VALIDATE_PRODUCT = YES;
			};
			name = Release;
		};
		372E653517FDCDEF00D85209 /* Debug */ = {
			isa = XCBuildConfiguration;
			buildSettings = {
				ASSETCATALOG_COMPILER_APPICON_NAME = AppIcon;
				ASSETCATALOG_COMPILER_LAUNCHIMAGE_NAME = LaunchImage;
				GCC_PRECOMPILE_PREFIX_HEADER = YES;
				GCC_PREFIX_HEADER = "APIWork/APIWork-Prefix.pch";
				INFOPLIST_FILE = "APIWork/APIWork-Info.plist";
				PRODUCT_NAME = "$(TARGET_NAME)";
				WRAPPER_EXTENSION = app;
			};
			name = Debug;
		};
		372E653617FDCDEF00D85209 /* Release */ = {
			isa = XCBuildConfiguration;
			buildSettings = {
				ASSETCATALOG_COMPILER_APPICON_NAME = AppIcon;
				ASSETCATALOG_COMPILER_LAUNCHIMAGE_NAME = LaunchImage;
				GCC_PRECOMPILE_PREFIX_HEADER = YES;
				GCC_PREFIX_HEADER = "APIWork/APIWork-Prefix.pch";
				INFOPLIST_FILE = "APIWork/APIWork-Info.plist";
				PRODUCT_NAME = "$(TARGET_NAME)";
				WRAPPER_EXTENSION = app;
			};
			name = Release;
		};
		372E653817FDCDEF00D85209 /* Debug */ = {
			isa = XCBuildConfiguration;
			buildSettings = {
				ARCHS = "$(ARCHS_STANDARD_INCLUDING_64_BIT)";
				BUNDLE_LOADER = "$(BUILT_PRODUCTS_DIR)/APIWork.app/APIWork";
				FRAMEWORK_SEARCH_PATHS = (
					"$(SDKROOT)/Developer/Library/Frameworks",
					"$(inherited)",
					"$(DEVELOPER_FRAMEWORKS_DIR)",
				);
				GCC_PRECOMPILE_PREFIX_HEADER = YES;
				GCC_PREFIX_HEADER = "APIWork/APIWork-Prefix.pch";
				GCC_PREPROCESSOR_DEFINITIONS = (
					"DEBUG=1",
					"$(inherited)",
				);
				INFOPLIST_FILE = "APIWorkTests/APIWorkTests-Info.plist";
				PRODUCT_NAME = "$(TARGET_NAME)";
				TEST_HOST = "$(BUNDLE_LOADER)";
				WRAPPER_EXTENSION = xctest;
			};
			name = Debug;
		};
		372E653917FDCDEF00D85209 /* Release */ = {
			isa = XCBuildConfiguration;
			buildSettings = {
				ARCHS = "$(ARCHS_STANDARD_INCLUDING_64_BIT)";
				BUNDLE_LOADER = "$(BUILT_PRODUCTS_DIR)/APIWork.app/APIWork";
				FRAMEWORK_SEARCH_PATHS = (
					"$(SDKROOT)/Developer/Library/Frameworks",
					"$(inherited)",
					"$(DEVELOPER_FRAMEWORKS_DIR)",
				);
				GCC_PRECOMPILE_PREFIX_HEADER = YES;
				GCC_PREFIX_HEADER = "APIWork/APIWork-Prefix.pch";
				INFOPLIST_FILE = "APIWorkTests/APIWorkTests-Info.plist";
				PRODUCT_NAME = "$(TARGET_NAME)";
				TEST_HOST = "$(BUNDLE_LOADER)";
				WRAPPER_EXTENSION = xctest;
			};
			name = Release;
		};
/* End XCBuildConfiguration section */

/* Begin XCConfigurationList section */
		372E64FD17FDCDEE00D85209 /* Build configuration list for PBXProject "APIWork" */ = {
			isa = XCConfigurationList;
			buildConfigurations = (
				372E653217FDCDEF00D85209 /* Debug */,
				372E653317FDCDEF00D85209 /* Release */,
			);
			defaultConfigurationIsVisible = 0;
			defaultConfigurationName = Release;
		};
		372E653417FDCDEF00D85209 /* Build configuration list for PBXNativeTarget "APIWork" */ = {
			isa = XCConfigurationList;
			buildConfigurations = (
				372E653517FDCDEF00D85209 /* Debug */,
				372E653617FDCDEF00D85209 /* Release */,
			);
			defaultConfigurationIsVisible = 0;
		};
		372E653717FDCDEF00D85209 /* Build configuration list for PBXNativeTarget "APIWorkTests" */ = {
			isa = XCConfigurationList;
			buildConfigurations = (
				372E653817FDCDEF00D85209 /* Debug */,
				372E653917FDCDEF00D85209 /* Release */,
			);
			defaultConfigurationIsVisible = 0;
		};
/* End XCConfigurationList section */
	};
	rootObject = 372E64FA17FDCDEE00D85209 /* Project object */;
}
