// !$*UTF8*$!
{
	archiveVersion = 1;
	classes = {
	};
	objectVersion = 46;
	objects = {

/* Begin PBXBuildFile section */
		370ABC6D17F9D1AF004EF4A8 /* Foundation.framework in Frameworks */ = {isa = PBXBuildFile; fileRef = 370ABC6C17F9D1AF004EF4A8 /* Foundation.framework */; };
		370ABC6F17F9D1AF004EF4A8 /* CoreGraphics.framework in Frameworks */ = {isa = PBXBuildFile; fileRef = 370ABC6E17F9D1AF004EF4A8 /* CoreGraphics.framework */; };
		370ABC7117F9D1AF004EF4A8 /* UIKit.framework in Frameworks */ = {isa = PBXBuildFile; fileRef = 370ABC7017F9D1AF004EF4A8 /* UIKit.framework */; };
		370ABC7717F9D1AF004EF4A8 /* InfoPlist.strings in Resources */ = {isa = PBXBuildFile; fileRef = 370ABC7517F9D1AF004EF4A8 /* InfoPlist.strings */; };
		370ABC7917F9D1AF004EF4A8 /* main.m in Sources */ = {isa = PBXBuildFile; fileRef = 370ABC7817F9D1AF004EF4A8 /* main.m */; };
		370ABC7D17F9D1AF004EF4A8 /* AppDelegate.m in Sources */ = {isa = PBXBuildFile; fileRef = 370ABC7C17F9D1AF004EF4A8 /* AppDelegate.m */; };
		370ABC8017F9D1AF004EF4A8 /* Main.storyboard in Resources */ = {isa = PBXBuildFile; fileRef = 370ABC7E17F9D1AF004EF4A8 /* Main.storyboard */; };
		370ABC8317F9D1AF004EF4A8 /* ViewController.m in Sources */ = {isa = PBXBuildFile; fileRef = 370ABC8217F9D1AF004EF4A8 /* ViewController.m */; };
		370ABC8517F9D1AF004EF4A8 /* Images.xcassets in Resources */ = {isa = PBXBuildFile; fileRef = 370ABC8417F9D1AF004EF4A8 /* Images.xcassets */; };
		370ABC8C17F9D1AF004EF4A8 /* XCTest.framework in Frameworks */ = {isa = PBXBuildFile; fileRef = 370ABC8B17F9D1AF004EF4A8 /* XCTest.framework */; };
		370ABC8D17F9D1AF004EF4A8 /* Foundation.framework in Frameworks */ = {isa = PBXBuildFile; fileRef = 370ABC6C17F9D1AF004EF4A8 /* Foundation.framework */; };
		370ABC8E17F9D1AF004EF4A8 /* UIKit.framework in Frameworks */ = {isa = PBXBuildFile; fileRef = 370ABC7017F9D1AF004EF4A8 /* UIKit.framework */; };
		370ABC9617F9D1AF004EF4A8 /* InfoPlist.strings in Resources */ = {isa = PBXBuildFile; fileRef = 370ABC9417F9D1AF004EF4A8 /* InfoPlist.strings */; };
		370ABC9817F9D1AF004EF4A8 /* StoryboardTests.m in Sources */ = {isa = PBXBuildFile; fileRef = 370ABC9717F9D1AF004EF4A8 /* StoryboardTests.m */; };
		370ABCA317F9D3B4004EF4A8 /* SecondViewController.m in Sources */ = {isa = PBXBuildFile; fileRef = 370ABCA217F9D3B4004EF4A8 /* SecondViewController.m */; };
		370ABCA617F9E164004EF4A8 /* ThirdViewController.m in Sources */ = {isa = PBXBuildFile; fileRef = 370ABCA517F9E164004EF4A8 /* ThirdViewController.m */; };
/* End PBXBuildFile section */

/* Begin PBXContainerItemProxy section */
		370ABC8F17F9D1AF004EF4A8 /* PBXContainerItemProxy */ = {
			isa = PBXContainerItemProxy;
			containerPortal = 370ABC6117F9D1AF004EF4A8 /* Project object */;
			proxyType = 1;
			remoteGlobalIDString = 370ABC6817F9D1AF004EF4A8;
			remoteInfo = Storyboard;
		};
/* End PBXContainerItemProxy section */

/* Begin PBXFileReference section */
		370ABC6917F9D1AF004EF4A8 /* Storyboard.app */ = {isa = PBXFileReference; explicitFileType = wrapper.application; includeInIndex = 0; path = Storyboard.app; sourceTree = BUILT_PRODUCTS_DIR; };
		370ABC6C17F9D1AF004EF4A8 /* Foundation.framework */ = {isa = PBXFileReference; lastKnownFileType = wrapper.framework; name = Foundation.framework; path = System/Library/Frameworks/Foundation.framework; sourceTree = SDKROOT; };
		370ABC6E17F9D1AF004EF4A8 /* CoreGraphics.framework */ = {isa = PBXFileReference; lastKnownFileType = wrapper.framework; name = CoreGraphics.framework; path = System/Library/Frameworks/CoreGraphics.framework; sourceTree = SDKROOT; };
		370ABC7017F9D1AF004EF4A8 /* UIKit.framework */ = {isa = PBXFileReference; lastKnownFileType = wrapper.framework; name = UIKit.framework; path = System/Library/Frameworks/UIKit.framework; sourceTree = SDKROOT; };
		370ABC7417F9D1AF004EF4A8 /* Storyboard-Info.plist */ = {isa = PBXFileReference; lastKnownFileType = text.plist.xml; path = "Storyboard-Info.plist"; sourceTree = "<group>"; };
		370ABC7617F9D1AF004EF4A8 /* en */ = {isa = PBXFileReference; lastKnownFileType = text.plist.strings; name = en; path = en.lproj/InfoPlist.strings; sourceTree = "<group>"; };
		370ABC7817F9D1AF004EF4A8 /* main.m */ = {isa = PBXFileReference; lastKnownFileType = sourcecode.c.objc; path = main.m; sourceTree = "<group>"; };
		370ABC7A17F9D1AF004EF4A8 /* Storyboard-Prefix.pch */ = {isa = PBXFileReference; lastKnownFileType = sourcecode.c.h; path = "Storyboard-Prefix.pch"; sourceTree = "<group>"; };
		370ABC7B17F9D1AF004EF4A8 /* AppDelegate.h */ = {isa = PBXFileReference; lastKnownFileType = sourcecode.c.h; path = AppDelegate.h; sourceTree = "<group>"; };
		370ABC7C17F9D1AF004EF4A8 /* AppDelegate.m */ = {isa = PBXFileReference; lastKnownFileType = sourcecode.c.objc; path = AppDelegate.m; sourceTree = "<group>"; };
		370ABC7F17F9D1AF004EF4A8 /* Base */ = {isa = PBXFileReference; lastKnownFileType = file.storyboard; name = Base; path = Base.lproj/Main.storyboard; sourceTree = "<group>"; };
		370ABC8117F9D1AF004EF4A8 /* ViewController.h */ = {isa = PBXFileReference; lastKnownFileType = sourcecode.c.h; path = ViewController.h; sourceTree = "<group>"; };
		370ABC8217F9D1AF004EF4A8 /* ViewController.m */ = {isa = PBXFileReference; lastKnownFileType = sourcecode.c.objc; path = ViewController.m; sourceTree = "<group>"; };
		370ABC8417F9D1AF004EF4A8 /* Images.xcassets */ = {isa = PBXFileReference; lastKnownFileType = folder.assetcatalog; path = Images.xcassets; sourceTree = "<group>"; };
		370ABC8A17F9D1AF004EF4A8 /* StoryboardTests.xctest */ = {isa = PBXFileReference; explicitFileType = wrapper.cfbundle; includeInIndex = 0; path = StoryboardTests.xctest; sourceTree = BUILT_PRODUCTS_DIR; };
		370ABC8B17F9D1AF004EF4A8 /* XCTest.framework */ = {isa = PBXFileReference; lastKnownFileType = wrapper.framework; name = XCTest.framework; path = Library/Frameworks/XCTest.framework; sourceTree = DEVELOPER_DIR; };
		370ABC9317F9D1AF004EF4A8 /* StoryboardTests-Info.plist */ = {isa = PBXFileReference; lastKnownFileType = text.plist.xml; path = "StoryboardTests-Info.plist"; sourceTree = "<group>"; };
		370ABC9517F9D1AF004EF4A8 /* en */ = {isa = PBXFileReference; lastKnownFileType = text.plist.strings; name = en; path = en.lproj/InfoPlist.strings; sourceTree = "<group>"; };
		370ABC9717F9D1AF004EF4A8 /* StoryboardTests.m */ = {isa = PBXFileReference; lastKnownFileType = sourcecode.c.objc; path = StoryboardTests.m; sourceTree = "<group>"; };
		370ABCA117F9D3B4004EF4A8 /* SecondViewController.h */ = {isa = PBXFileReference; fileEncoding = 4; lastKnownFileType = sourcecode.c.h; path = SecondViewController.h; sourceTree = "<group>"; };
		370ABCA217F9D3B4004EF4A8 /* SecondViewController.m */ = {isa = PBXFileReference; fileEncoding = 4; lastKnownFileType = sourcecode.c.objc; path = SecondViewController.m; sourceTree = "<group>"; };
		370ABCA417F9E164004EF4A8 /* ThirdViewController.h */ = {isa = PBXFileReference; fileEncoding = 4; lastKnownFileType = sourcecode.c.h; path = ThirdViewController.h; sourceTree = "<group>"; };
		370ABCA517F9E164004EF4A8 /* ThirdViewController.m */ = {isa = PBXFileReference; fileEncoding = 4; lastKnownFileType = sourcecode.c.objc; path = ThirdViewController.m; sourceTree = "<group>"; };
/* End PBXFileReference section */

/* Begin PBXFrameworksBuildPhase section */
		370ABC6617F9D1AF004EF4A8 /* Frameworks */ = {
			isa = PBXFrameworksBuildPhase;
			buildActionMask = 2147483647;
			files = (
				370ABC6F17F9D1AF004EF4A8 /* CoreGraphics.framework in Frameworks */,
				370ABC7117F9D1AF004EF4A8 /* UIKit.framework in Frameworks */,
				370ABC6D17F9D1AF004EF4A8 /* Foundation.framework in Frameworks */,
			);
			runOnlyForDeploymentPostprocessing = 0;
		};
		370ABC8717F9D1AF004EF4A8 /* Frameworks */ = {
			isa = PBXFrameworksBuildPhase;
			buildActionMask = 2147483647;
			files = (
				370ABC8C17F9D1AF004EF4A8 /* XCTest.framework in Frameworks */,
				370ABC8E17F9D1AF004EF4A8 /* UIKit.framework in Frameworks */,
				370ABC8D17F9D1AF004EF4A8 /* Foundation.framework in Frameworks */,
			);
			runOnlyForDeploymentPostprocessing = 0;
		};
/* End PBXFrameworksBuildPhase section */

/* Begin PBXGroup section */
		370ABC6017F9D1AF004EF4A8 = {
			isa = PBXGroup;
			children = (
				370ABC7217F9D1AF004EF4A8 /* Storyboard */,
				370ABC9117F9D1AF004EF4A8 /* StoryboardTests */,
				370ABC6B17F9D1AF004EF4A8 /* Frameworks */,
				370ABC6A17F9D1AF004EF4A8 /* Products */,
			);
			sourceTree = "<group>";
		};
		370ABC6A17F9D1AF004EF4A8 /* Products */ = {
			isa = PBXGroup;
			children = (
				370ABC6917F9D1AF004EF4A8 /* Storyboard.app */,
				370ABC8A17F9D1AF004EF4A8 /* StoryboardTests.xctest */,
			);
			name = Products;
			sourceTree = "<group>";
		};
		370ABC6B17F9D1AF004EF4A8 /* Frameworks */ = {
			isa = PBXGroup;
			children = (
				370ABC6C17F9D1AF004EF4A8 /* Foundation.framework */,
				370ABC6E17F9D1AF004EF4A8 /* CoreGraphics.framework */,
				370ABC7017F9D1AF004EF4A8 /* UIKit.framework */,
				370ABC8B17F9D1AF004EF4A8 /* XCTest.framework */,
			);
			name = Frameworks;
			sourceTree = "<group>";
		};
		370ABC7217F9D1AF004EF4A8 /* Storyboard */ = {
			isa = PBXGroup;
			children = (
				370ABC7B17F9D1AF004EF4A8 /* AppDelegate.h */,
				370ABC7C17F9D1AF004EF4A8 /* AppDelegate.m */,
				370ABC7E17F9D1AF004EF4A8 /* Main.storyboard */,
				370ABCA417F9E164004EF4A8 /* ThirdViewController.h */,
				370ABCA517F9E164004EF4A8 /* ThirdViewController.m */,
				370ABCA117F9D3B4004EF4A8 /* SecondViewController.h */,
				370ABCA217F9D3B4004EF4A8 /* SecondViewController.m */,
				370ABC8117F9D1AF004EF4A8 /* ViewController.h */,
				370ABC8217F9D1AF004EF4A8 /* ViewController.m */,
				370ABC8417F9D1AF004EF4A8 /* Images.xcassets */,
				370ABC7317F9D1AF004EF4A8 /* Supporting Files */,
			);
			path = Storyboard;
			sourceTree = "<group>";
		};
		370ABC7317F9D1AF004EF4A8 /* Supporting Files */ = {
			isa = PBXGroup;
			children = (
				370ABC7417F9D1AF004EF4A8 /* Storyboard-Info.plist */,
				370ABC7517F9D1AF004EF4A8 /* InfoPlist.strings */,
				370ABC7817F9D1AF004EF4A8 /* main.m */,
				370ABC7A17F9D1AF004EF4A8 /* Storyboard-Prefix.pch */,
			);
			name = "Supporting Files";
			sourceTree = "<group>";
		};
		370ABC9117F9D1AF004EF4A8 /* StoryboardTests */ = {
			isa = PBXGroup;
			children = (
				370ABC9717F9D1AF004EF4A8 /* StoryboardTests.m */,
				370ABC9217F9D1AF004EF4A8 /* Supporting Files */,
			);
			path = StoryboardTests;
			sourceTree = "<group>";
		};
		370ABC9217F9D1AF004EF4A8 /* Supporting Files */ = {
			isa = PBXGroup;
			children = (
				370ABC9317F9D1AF004EF4A8 /* StoryboardTests-Info.plist */,
				370ABC9417F9D1AF004EF4A8 /* InfoPlist.strings */,
			);
			name = "Supporting Files";
			sourceTree = "<group>";
		};
/* End PBXGroup section */

/* Begin PBXNativeTarget section */
		370ABC6817F9D1AF004EF4A8 /* Storyboard */ = {
			isa = PBXNativeTarget;
			buildConfigurationList = 370ABC9B17F9D1AF004EF4A8 /* Build configuration list for PBXNativeTarget "Storyboard" */;
			buildPhases = (
				370ABC6517F9D1AF004EF4A8 /* Sources */,
				370ABC6617F9D1AF004EF4A8 /* Frameworks */,
				370ABC6717F9D1AF004EF4A8 /* Resources */,
			);
			buildRules = (
			);
			dependencies = (
			);
			name = Storyboard;
			productName = Storyboard;
			productReference = 370ABC6917F9D1AF004EF4A8 /* Storyboard.app */;
			productType = "com.apple.product-type.application";
		};
		370ABC8917F9D1AF004EF4A8 /* StoryboardTests */ = {
			isa = PBXNativeTarget;
			buildConfigurationList = 370ABC9E17F9D1AF004EF4A8 /* Build configuration list for PBXNativeTarget "StoryboardTests" */;
			buildPhases = (
				370ABC8617F9D1AF004EF4A8 /* Sources */,
				370ABC8717F9D1AF004EF4A8 /* Frameworks */,
				370ABC8817F9D1AF004EF4A8 /* Resources */,
			);
			buildRules = (
			);
			dependencies = (
				370ABC9017F9D1AF004EF4A8 /* PBXTargetDependency */,
			);
			name = StoryboardTests;
			productName = StoryboardTests;
			productReference = 370ABC8A17F9D1AF004EF4A8 /* StoryboardTests.xctest */;
			productType = "com.apple.product-type.bundle.unit-test";
		};
/* End PBXNativeTarget section */

/* Begin PBXProject section */
		370ABC6117F9D1AF004EF4A8 /* Project object */ = {
			isa = PBXProject;
			attributes = {
				LastUpgradeCheck = 0500;
				ORGANIZATIONNAME = "Greg Tropino";
				TargetAttributes = {
					370ABC8917F9D1AF004EF4A8 = {
						TestTargetID = 370ABC6817F9D1AF004EF4A8;
					};
				};
			};
			buildConfigurationList = 370ABC6417F9D1AF004EF4A8 /* Build configuration list for PBXProject "Storyboard" */;
			compatibilityVersion = "Xcode 3.2";
			developmentRegion = English;
			hasScannedForEncodings = 0;
			knownRegions = (
				en,
				Base,
			);
			mainGroup = 370ABC6017F9D1AF004EF4A8;
			productRefGroup = 370ABC6A17F9D1AF004EF4A8 /* Products */;
			projectDirPath = "";
			projectRoot = "";
			targets = (
				370ABC6817F9D1AF004EF4A8 /* Storyboard */,
				370ABC8917F9D1AF004EF4A8 /* StoryboardTests */,
			);
		};
/* End PBXProject section */

/* Begin PBXResourcesBuildPhase section */
		370ABC6717F9D1AF004EF4A8 /* Resources */ = {
			isa = PBXResourcesBuildPhase;
			buildActionMask = 2147483647;
			files = (
				370ABC8517F9D1AF004EF4A8 /* Images.xcassets in Resources */,
				370ABC7717F9D1AF004EF4A8 /* InfoPlist.strings in Resources */,
				370ABC8017F9D1AF004EF4A8 /* Main.storyboard in Resources */,
			);
			runOnlyForDeploymentPostprocessing = 0;
		};
		370ABC8817F9D1AF004EF4A8 /* Resources */ = {
			isa = PBXResourcesBuildPhase;
			buildActionMask = 2147483647;
			files = (
				370ABC9617F9D1AF004EF4A8 /* InfoPlist.strings in Resources */,
			);
			runOnlyForDeploymentPostprocessing = 0;
		};
/* End PBXResourcesBuildPhase section */

/* Begin PBXSourcesBuildPhase section */
		370ABC6517F9D1AF004EF4A8 /* Sources */ = {
			isa = PBXSourcesBuildPhase;
			buildActionMask = 2147483647;
			files = (
				370ABCA317F9D3B4004EF4A8 /* SecondViewController.m in Sources */,
				370ABCA617F9E164004EF4A8 /* ThirdViewController.m in Sources */,
				370ABC8317F9D1AF004EF4A8 /* ViewController.m in Sources */,
				370ABC7D17F9D1AF004EF4A8 /* AppDelegate.m in Sources */,
				370ABC7917F9D1AF004EF4A8 /* main.m in Sources */,
			);
			runOnlyForDeploymentPostprocessing = 0;
		};
		370ABC8617F9D1AF004EF4A8 /* Sources */ = {
			isa = PBXSourcesBuildPhase;
			buildActionMask = 2147483647;
			files = (
				370ABC9817F9D1AF004EF4A8 /* StoryboardTests.m in Sources */,
			);
			runOnlyForDeploymentPostprocessing = 0;
		};
/* End PBXSourcesBuildPhase section */

/* Begin PBXTargetDependency section */
		370ABC9017F9D1AF004EF4A8 /* PBXTargetDependency */ = {
			isa = PBXTargetDependency;
			target = 370ABC6817F9D1AF004EF4A8 /* Storyboard */;
			targetProxy = 370ABC8F17F9D1AF004EF4A8 /* PBXContainerItemProxy */;
		};
/* End PBXTargetDependency section */

/* Begin PBXVariantGroup section */
		370ABC7517F9D1AF004EF4A8 /* InfoPlist.strings */ = {
			isa = PBXVariantGroup;
			children = (
				370ABC7617F9D1AF004EF4A8 /* en */,
			);
			name = InfoPlist.strings;
			sourceTree = "<group>";
		};
		370ABC7E17F9D1AF004EF4A8 /* Main.storyboard */ = {
			isa = PBXVariantGroup;
			children = (
				370ABC7F17F9D1AF004EF4A8 /* Base */,
			);
			name = Main.storyboard;
			sourceTree = "<group>";
		};
		370ABC9417F9D1AF004EF4A8 /* InfoPlist.strings */ = {
			isa = PBXVariantGroup;
			children = (
				370ABC9517F9D1AF004EF4A8 /* en */,
			);
			name = InfoPlist.strings;
			sourceTree = "<group>";
		};
/* End PBXVariantGroup section */

/* Begin XCBuildConfiguration section */
		370ABC9917F9D1AF004EF4A8 /* Debug */ = {
			isa = XCBuildConfiguration;
			buildSettings = {
				ALWAYS_SEARCH_USER_PATHS = NO;
				ARCHS = "$(ARCHS_STANDARD_INCLUDING_64_BIT)";
				CLANG_CXX_LANGUAGE_STANDARD = "gnu++0x";
				CLANG_CXX_LIBRARY = "libc++";
				CLANG_ENABLE_MODULES = YES;
				CLANG_ENABLE_OBJC_ARC = YES;
				CLANG_WARN_BOOL_CONVERSION = YES;
				CLANG_WARN_CONSTANT_CONVERSION = YES;
				CLANG_WARN_DIRECT_OBJC_ISA_USAGE = YES_ERROR;
				CLANG_WARN_EMPTY_BODY = YES;
				CLANG_WARN_ENUM_CONVERSION = YES;
				CLANG_WARN_INT_CONVERSION = YES;
				CLANG_WARN_OBJC_ROOT_CLASS = YES_ERROR;
				CLANG_WARN__DUPLICATE_METHOD_MATCH = YES;
				"CODE_SIGN_IDENTITY[sdk=iphoneos*]" = "iPhone Developer";
				COPY_PHASE_STRIP = NO;
				GCC_C_LANGUAGE_STANDARD = gnu99;
				GCC_DYNAMIC_NO_PIC = NO;
				GCC_OPTIMIZATION_LEVEL = 0;
				GCC_PREPROCESSOR_DEFINITIONS = (
					"DEBUG=1",
					"$(inherited)",
				);
				GCC_SYMBOLS_PRIVATE_EXTERN = NO;
				GCC_WARN_64_TO_32_BIT_CONVERSION = YES;
				GCC_WARN_ABOUT_RETURN_TYPE = YES_ERROR;
				GCC_WARN_UNDECLARED_SELECTOR = YES;
				GCC_WARN_UNINITIALIZED_AUTOS = YES;
				GCC_WARN_UNUSED_FUNCTION = YES;
				GCC_WARN_UNUSED_VARIABLE = YES;
				IPHONEOS_DEPLOYMENT_TARGET = 7.0;
				ONLY_ACTIVE_ARCH = YES;
				SDKROOT = iphoneos;
			};
			name = Debug;
		};
		370ABC9A17F9D1AF004EF4A8 /* Release */ = {
			isa = XCBuildConfiguration;
			buildSettings = {
				ALWAYS_SEARCH_USER_PATHS = NO;
				ARCHS = "$(ARCHS_STANDARD_INCLUDING_64_BIT)";
				CLANG_CXX_LANGUAGE_STANDARD = "gnu++0x";
				CLANG_CXX_LIBRARY = "libc++";
				CLANG_ENABLE_MODULES = YES;
				CLANG_ENABLE_OBJC_ARC = YES;
				CLANG_WARN_BOOL_CONVERSION = YES;
				CLANG_WARN_CONSTANT_CONVERSION = YES;
				CLANG_WARN_DIRECT_OBJC_ISA_USAGE = YES_ERROR;
				CLANG_WARN_EMPTY_BODY = YES;
				CLANG_WARN_ENUM_CONVERSION = YES;
				CLANG_WARN_INT_CONVERSION = YES;
				CLANG_WARN_OBJC_ROOT_CLASS = YES_ERROR;
				CLANG_WARN__DUPLICATE_METHOD_MATCH = YES;
				"CODE_SIGN_IDENTITY[sdk=iphoneos*]" = "iPhone Developer";
				COPY_PHASE_STRIP = YES;
				ENABLE_NS_ASSERTIONS = NO;
				GCC_C_LANGUAGE_STANDARD = gnu99;
				GCC_WARN_64_TO_32_BIT_CONVERSION = YES;
				GCC_WARN_ABOUT_RETURN_TYPE = YES_ERROR;
				GCC_WARN_UNDECLARED_SELECTOR = YES;
				GCC_WARN_UNINITIALIZED_AUTOS = YES;
				GCC_WARN_UNUSED_FUNCTION = YES;
				GCC_WARN_UNUSED_VARIABLE = YES;
				IPHONEOS_DEPLOYMENT_TARGET = 7.0;
				SDKROOT = iphoneos;
				VALIDATE_PRODUCT = YES;
			};
			name = Release;
		};
		370ABC9C17F9D1AF004EF4A8 /* Debug */ = {
			isa = XCBuildConfiguration;
			buildSettings = {
				ASSETCATALOG_COMPILER_APPICON_NAME = AppIcon;
				ASSETCATALOG_COMPILER_LAUNCHIMAGE_NAME = LaunchImage;
				GCC_PRECOMPILE_PREFIX_HEADER = YES;
				GCC_PREFIX_HEADER = "Storyboard/Storyboard-Prefix.pch";
				INFOPLIST_FILE = "Storyboard/Storyboard-Info.plist";
				PRODUCT_NAME = "$(TARGET_NAME)";
				WRAPPER_EXTENSION = app;
			};
			name = Debug;
		};
		370ABC9D17F9D1AF004EF4A8 /* Release */ = {
			isa = XCBuildConfiguration;
			buildSettings = {
				ASSETCATALOG_COMPILER_APPICON_NAME = AppIcon;
				ASSETCATALOG_COMPILER_LAUNCHIMAGE_NAME = LaunchImage;
				GCC_PRECOMPILE_PREFIX_HEADER = YES;
				GCC_PREFIX_HEADER = "Storyboard/Storyboard-Prefix.pch";
				INFOPLIST_FILE = "Storyboard/Storyboard-Info.plist";
				PRODUCT_NAME = "$(TARGET_NAME)";
				WRAPPER_EXTENSION = app;
			};
			name = Release;
		};
		370ABC9F17F9D1AF004EF4A8 /* Debug */ = {
			isa = XCBuildConfiguration;
			buildSettings = {
				ARCHS = "$(ARCHS_STANDARD_INCLUDING_64_BIT)";
				BUNDLE_LOADER = "$(BUILT_PRODUCTS_DIR)/Storyboard.app/Storyboard";
				FRAMEWORK_SEARCH_PATHS = (
					"$(SDKROOT)/Developer/Library/Frameworks",
					"$(inherited)",
					"$(DEVELOPER_FRAMEWORKS_DIR)",
				);
				GCC_PRECOMPILE_PREFIX_HEADER = YES;
				GCC_PREFIX_HEADER = "Storyboard/Storyboard-Prefix.pch";
				GCC_PREPROCESSOR_DEFINITIONS = (
					"DEBUG=1",
					"$(inherited)",
				);
				INFOPLIST_FILE = "StoryboardTests/StoryboardTests-Info.plist";
				PRODUCT_NAME = "$(TARGET_NAME)";
				TEST_HOST = "$(BUNDLE_LOADER)";
				WRAPPER_EXTENSION = xctest;
			};
			name = Debug;
		};
		370ABCA017F9D1AF004EF4A8 /* Release */ = {
			isa = XCBuildConfiguration;
			buildSettings = {
				ARCHS = "$(ARCHS_STANDARD_INCLUDING_64_BIT)";
				BUNDLE_LOADER = "$(BUILT_PRODUCTS_DIR)/Storyboard.app/Storyboard";
				FRAMEWORK_SEARCH_PATHS = (
					"$(SDKROOT)/Developer/Library/Frameworks",
					"$(inherited)",
					"$(DEVELOPER_FRAMEWORKS_DIR)",
				);
				GCC_PRECOMPILE_PREFIX_HEADER = YES;
				GCC_PREFIX_HEADER = "Storyboard/Storyboard-Prefix.pch";
				INFOPLIST_FILE = "StoryboardTests/StoryboardTests-Info.plist";
				PRODUCT_NAME = "$(TARGET_NAME)";
				TEST_HOST = "$(BUNDLE_LOADER)";
				WRAPPER_EXTENSION = xctest;
			};
			name = Release;
		};
/* End XCBuildConfiguration section */

/* Begin XCConfigurationList section */
		370ABC6417F9D1AF004EF4A8 /* Build configuration list for PBXProject "Storyboard" */ = {
			isa = XCConfigurationList;
			buildConfigurations = (
				370ABC9917F9D1AF004EF4A8 /* Debug */,
				370ABC9A17F9D1AF004EF4A8 /* Release */,
			);
			defaultConfigurationIsVisible = 0;
			defaultConfigurationName = Release;
		};
		370ABC9B17F9D1AF004EF4A8 /* Build configuration list for PBXNativeTarget "Storyboard" */ = {
			isa = XCConfigurationList;
			buildConfigurations = (
				370ABC9C17F9D1AF004EF4A8 /* Debug */,
				370ABC9D17F9D1AF004EF4A8 /* Release */,
			);
			defaultConfigurationIsVisible = 0;
		};
		370ABC9E17F9D1AF004EF4A8 /* Build configuration list for PBXNativeTarget "StoryboardTests" */ = {
			isa = XCConfigurationList;
			buildConfigurations = (
				370ABC9F17F9D1AF004EF4A8 /* Debug */,
				370ABCA017F9D1AF004EF4A8 /* Release */,
			);
			defaultConfigurationIsVisible = 0;
		};
/* End XCConfigurationList section */
	};
	rootObject = 370ABC6117F9D1AF004EF4A8 /* Project object */;
}
